
Microsoft Visual Studio Solution File, Format Version 12.00
# Visual Studio 15
VisualStudioVersion = 15.0.28010.2048
MinimumVisualStudioVersion = 10.0.40219.1
Project("{FAE04EC0-301F-11D3-BF4B-00C04F79EFBC}") = "SignalRDemo", "SignalRDemo\SignalRDemo.csproj", "{B6F5DD23-5964-45E9-B6C9-38E7CAD33295}"
EndProject
Global
	GlobalSection(SolutionConfigurationPlatforms) = preSolution
		Debug|Any CPU = Debug|Any CPU
		Release|Any CPU = Release|Any CPU
	EndGlobalSection
	GlobalSection(ProjectConfigurationPlatforms) = postSolution
		{B6F5DD23-5964-45E9-B6C9-38E7CAD33295}.Debug|Any CPU.ActiveCfg = Debug|Any CPU
		{B6F5DD23-5964-45E9-B6C9-38E7CAD33295}.Debug|Any CPU.Build.0 = Debug|Any CPU
		{B6F5DD23-5964-45E9-B6C9-38E7CAD33295}.Release|Any CPU.ActiveCfg = Release|Any CPU
		{B6F5DD23-5964-45E9-B6C9-38E7CAD33295}.Release|Any CPU.Build.0 = Release|Any CPU
	EndGlobalSection
	GlobalSection(SolutionProperties) = preSolution
		HideSolutionNode = FALSE
	EndGlobalSection
	GlobalSection(ExtensibilityGlobals) = postSolution
		SolutionGuid = {1F31E4E2-3549-448C-A2B1-D7235ECBDE9A}
	EndGlobalSection
EndGlobal
